
Microsoft Visual Studio Solution File, Format Version 12.00
# Visual Studio 15
VisualStudioVersion = 15.0.36001.139
MinimumVisualStudioVersion = 10.0.40219.1
Project("{8BC9CEB8-8B4A-11D0-8D11-00A0C91BC942}") = "Client", "Client\Client.vcxproj", "{32CB66BE-3D8A-4878-8DCB-B9D99CEA1C82}"
EndProject
Project("{8BC9CEB8-8B4A-11D0-8D11-00A0C91BC942}") = "Server", "Server\Server.vcxproj", "{E0F6235B-6DFB-4AD2-9881-FC9A05E2C39C}"
EndProject
Project("{8BC9CEB8-8B4A-11D0-8D11-00A0C91BC942}") = "FormatLastError", "FormatLastError\FormatLastError.vcxproj", "{5E08231D-E019-473B-9889-23349862A8B2}"
EndProject
Global
	GlobalSection(SolutionConfigurationPlatforms) = preSolution
		Debug|x64 = Debug|x64
		Debug|x86 = Debug|x86
		Release|x64 = Release|x64
		Release|x86 = Release|x86
	EndGlobalSection
	GlobalSection(ProjectConfigurationPlatforms) = postSolution
		{32CB66BE-3D8A-4878-8DCB-B9D99CEA1C82}.Debug|x64.ActiveCfg = Debug|x64
		{32CB66BE-3D8A-4878-8DCB-B9D99CEA1C82}.Debug|x64.Build.0 = Debug|x64
		{32CB66BE-3D8A-4878-8DCB-B9D99CEA1C82}.Debug|x86.ActiveCfg = Debug|Win32
		{32CB66BE-3D8A-4878-8DCB-B9D99CEA1C82}.Debug|x86.Build.0 = Debug|Win32
		{32CB66BE-3D8A-4878-8DCB-B9D99CEA1C82}.Release|x64.ActiveCfg = Release|x64
		{32CB66BE-3D8A-4878-8DCB-B9D99CEA1C82}.Release|x64.Build.0 = Release|x64
		{32CB66BE-3D8A-4878-8DCB-B9D99CEA1C82}.Release|x86.ActiveCfg = Release|Win32
		{32CB66BE-3D8A-4878-8DCB-B9D99CEA1C82}.Release|x86.Build.0 = Release|Win32
		{E0F6235B-6DFB-4AD2-9881-FC9A05E2C39C}.Debug|x64.ActiveCfg = Debug|x64
		{E0F6235B-6DFB-4AD2-9881-FC9A05E2C39C}.Debug|x64.Build.0 = Debug|x64
		{E0F6235B-6DFB-4AD2-9881-FC9A05E2C39C}.Debug|x86.ActiveCfg = Debug|Win32
		{E0F6235B-6DFB-4AD2-9881-FC9A05E2C39C}.Debug|x86.Build.0 = Debug|Win32
		{E0F6235B-6DFB-4AD2-9881-FC9A05E2C39C}.Release|x64.ActiveCfg = Release|x64
		{E0F6235B-6DFB-4AD2-9881-FC9A05E2C39C}.Release|x64.Build.0 = Release|x64
		{E0F6235B-6DFB-4AD2-9881-FC9A05E2C39C}.Release|x86.ActiveCfg = Release|Win32
		{E0F6235B-6DFB-4AD2-9881-FC9A05E2C39C}.Release|x86.Build.0 = Release|Win32
		{5E08231D-E019-473B-9889-23349862A8B2}.Debug|x64.ActiveCfg = Debug|x64
		{5E08231D-E019-473B-9889-23349862A8B2}.Debug|x64.Build.0 = Debug|x64
		{5E08231D-E019-473B-9889-23349862A8B2}.Debug|x86.ActiveCfg = Debug|Win32
		{5E08231D-E019-473B-9889-23349862A8B2}.Debug|x86.Build.0 = Debug|Win32
		{5E08231D-E019-473B-9889-23349862A8B2}.Release|x64.ActiveCfg = Release|x64
		{5E08231D-E019-473B-9889-23349862A8B2}.Release|x64.Build.0 = Release|x64
		{5E08231D-E019-473B-9889-23349862A8B2}.Release|x86.ActiveCfg = Release|Win32
		{5E08231D-E019-473B-9889-23349862A8B2}.Release|x86.Build.0 = Release|Win32
	EndGlobalSection
	GlobalSection(SolutionProperties) = preSolution
		HideSolutionNode = FALSE
	EndGlobalSection
	GlobalSection(ExtensibilityGlobals) = postSolution
		SolutionGuid = {248627C2-54E6-4AD5-A6FF-1188873BFEC9}
	EndGlobalSection
EndGlobal
